
Microsoft Visual Studio Solution File, Format Version 12.00
# Visual Studio Version 17
VisualStudioVersion = 17.5.33424.131
MinimumVisualStudioVersion = 10.0.40219.1
Project("{9A19103F-16F7-4668-BE54-9A1E7A4F7556}") = "MovieRecommendation.API", "MovieRecommendation.API\MovieRecommendation.API.csproj", "{08BECE92-1E71-4AC9-B8CA-CCB8592CC5D5}"
EndProject
Project("{9A19103F-16F7-4668-BE54-9A1E7A4F7556}") = "MovieRecommendation.EntityLayer", "EntityLayer\MovieRecommendation.EntityLayer.csproj", "{27009929-6558-4DBB-B80E-66F112D04765}"
EndProject
Project("{9A19103F-16F7-4668-BE54-9A1E7A4F7556}") = "MovieRecommendation.DataAccessLayer", "DataAccessLayer\MovieRecommendation.DataAccessLayer.csproj", "{8B37AB57-E2AC-4DD2-94A1-B55E7367057B}"
EndProject
Project("{9A19103F-16F7-4668-BE54-9A1E7A4F7556}") = "MovieRecommendation.BusinessLayer", "BusinessLayer\MovieRecommendation.BusinessLayer.csproj", "{C4C49D0A-A30D-4B03-9F4A-A5301D483261}"
EndProject
Project("{9A19103F-16F7-4668-BE54-9A1E7A4F7556}") = "MovieRecommendation.ScheduleLayer", "MovieRecommendation.ScheduleLayer\MovieRecommendation.ScheduleLayer.csproj", "{C81B858C-F710-4F9D-BECC-5AF488B6DEF7}"
EndProject
Global
	GlobalSection(SolutionConfigurationPlatforms) = preSolution
		Debug|Any CPU = Debug|Any CPU
		Release|Any CPU = Release|Any CPU
	EndGlobalSection
	GlobalSection(ProjectConfigurationPlatforms) = postSolution
		{08BECE92-1E71-4AC9-B8CA-CCB8592CC5D5}.Debug|Any CPU.ActiveCfg = Debug|Any CPU
		{08BECE92-1E71-4AC9-B8CA-CCB8592CC5D5}.Debug|Any CPU.Build.0 = Debug|Any CPU
		{08BECE92-1E71-4AC9-B8CA-CCB8592CC5D5}.Release|Any CPU.ActiveCfg = Release|Any CPU
		{08BECE92-1E71-4AC9-B8CA-CCB8592CC5D5}.Release|Any CPU.Build.0 = Release|Any CPU
		{27009929-6558-4DBB-B80E-66F112D04765}.Debug|Any CPU.ActiveCfg = Debug|Any CPU
		{27009929-6558-4DBB-B80E-66F112D04765}.Debug|Any CPU.Build.0 = Debug|Any CPU
		{27009929-6558-4DBB-B80E-66F112D04765}.Release|Any CPU.ActiveCfg = Release|Any CPU
		{27009929-6558-4DBB-B80E-66F112D04765}.Release|Any CPU.Build.0 = Release|Any CPU
		{8B37AB57-E2AC-4DD2-94A1-B55E7367057B}.Debug|Any CPU.ActiveCfg = Debug|Any CPU
		{8B37AB57-E2AC-4DD2-94A1-B55E7367057B}.Debug|Any CPU.Build.0 = Debug|Any CPU
		{8B37AB57-E2AC-4DD2-94A1-B55E7367057B}.Release|Any CPU.ActiveCfg = Release|Any CPU
		{8B37AB57-E2AC-4DD2-94A1-B55E7367057B}.Release|Any CPU.Build.0 = Release|Any CPU
		{C4C49D0A-A30D-4B03-9F4A-A5301D483261}.Debug|Any CPU.ActiveCfg = Debug|Any CPU
		{C4C49D0A-A30D-4B03-9F4A-A5301D483261}.Debug|Any CPU.Build.0 = Debug|Any CPU
		{C4C49D0A-A30D-4B03-9F4A-A5301D483261}.Release|Any CPU.ActiveCfg = Release|Any CPU
		{C4C49D0A-A30D-4B03-9F4A-A5301D483261}.Release|Any CPU.Build.0 = Release|Any CPU
		{C81B858C-F710-4F9D-BECC-5AF488B6DEF7}.Debug|Any CPU.ActiveCfg = Debug|Any CPU
		{C81B858C-F710-4F9D-BECC-5AF488B6DEF7}.Debug|Any CPU.Build.0 = Debug|Any CPU
		{C81B858C-F710-4F9D-BECC-5AF488B6DEF7}.Release|Any CPU.ActiveCfg = Release|Any CPU
		{C81B858C-F710-4F9D-BECC-5AF488B6DEF7}.Release|Any CPU.Build.0 = Release|Any CPU
	EndGlobalSection
	GlobalSection(SolutionProperties) = preSolution
		HideSolutionNode = FALSE
	EndGlobalSection
	GlobalSection(ExtensibilityGlobals) = postSolution
		SolutionGuid = {2576BFB1-DC5D-4020-B3D8-9FC4BBD4BAA2}
	EndGlobalSection
EndGlobal
